
Microsoft Visual Studio Solution File, Format Version 12.00
# Visual Studio Version 16
VisualStudioVersion = 16.0.29613.14
MinimumVisualStudioVersion = 10.0.40219.1
Project("{FAE04EC0-301F-11D3-BF4B-00C04F79EFBC}") = "FoxManager.UI", "FoxManager\FoxManager.UI.csproj", "{8BBBD0B4-EE0C-4417-8227-8A4133E4EB9D}"
EndProject
Project("{FAE04EC0-301F-11D3-BF4B-00C04F79EFBC}") = "FoxManager.BusinessLogic", "FoxManager.BusinessLogic\FoxManager.BusinessLogic.csproj", "{8DFDE094-FDB9-4218-8F51-9C0210AA9DC1}"
EndProject
Project("{FAE04EC0-301F-11D3-BF4B-00C04F79EFBC}") = "FoxManager.Model", "FoxManager.Model\FoxManager.Model.csproj", "{17EE2DB0-8C88-4DFA-B7CB-D240E59F47ED}"
EndProject
Global
	GlobalSection(SolutionConfigurationPlatforms) = preSolution
		Debug|Any CPU = Debug|Any CPU
		Release|Any CPU = Release|Any CPU
	EndGlobalSection
	GlobalSection(ProjectConfigurationPlatforms) = postSolution
		{8BBBD0B4-EE0C-4417-8227-8A4133E4EB9D}.Debug|Any CPU.ActiveCfg = Debug|Any CPU
		{8BBBD0B4-EE0C-4417-8227-8A4133E4EB9D}.Debug|Any CPU.Build.0 = Debug|Any CPU
		{8BBBD0B4-EE0C-4417-8227-8A4133E4EB9D}.Release|Any CPU.ActiveCfg = Release|Any CPU
		{8BBBD0B4-EE0C-4417-8227-8A4133E4EB9D}.Release|Any CPU.Build.0 = Release|Any CPU
		{8DFDE094-FDB9-4218-8F51-9C0210AA9DC1}.Debug|Any CPU.ActiveCfg = Debug|Any CPU
		{8DFDE094-FDB9-4218-8F51-9C0210AA9DC1}.Debug|Any CPU.Build.0 = Debug|Any CPU
		{8DFDE094-FDB9-4218-8F51-9C0210AA9DC1}.Release|Any CPU.ActiveCfg = Release|Any CPU
		{8DFDE094-FDB9-4218-8F51-9C0210AA9DC1}.Release|Any CPU.Build.0 = Release|Any CPU
		{17EE2DB0-8C88-4DFA-B7CB-D240E59F47ED}.Debug|Any CPU.ActiveCfg = Debug|Any CPU
		{17EE2DB0-8C88-4DFA-B7CB-D240E59F47ED}.Debug|Any CPU.Build.0 = Debug|Any CPU
		{17EE2DB0-8C88-4DFA-B7CB-D240E59F47ED}.Release|Any CPU.ActiveCfg = Release|Any CPU
		{17EE2DB0-8C88-4DFA-B7CB-D240E59F47ED}.Release|Any CPU.Build.0 = Release|Any CPU
	EndGlobalSection
	GlobalSection(SolutionProperties) = preSolution
		HideSolutionNode = FALSE
	EndGlobalSection
	GlobalSection(ExtensibilityGlobals) = postSolution
		SolutionGuid = {4372A728-2296-48FA-B94A-8A719A71CE5E}
	EndGlobalSection
EndGlobal
